
Microsoft Visual Studio Solution File, Format Version 12.00
# Visual Studio 15
VisualStudioVersion = 15.0.27703.2042
MinimumVisualStudioVersion = 10.0.40219.1
Project("{FAE04EC0-301F-11D3-BF4B-00C04F79EFBC}") = "uncrowded", "uncrowded\uncrowded.csproj", "{40B2778B-2CEB-4462-B3E8-D3302035B450}"
EndProject
Global
	GlobalSection(SolutionConfigurationPlatforms) = preSolution
		Debug|Any CPU = Debug|Any CPU
		Release|Any CPU = Release|Any CPU
	EndGlobalSection
	GlobalSection(ProjectConfigurationPlatforms) = postSolution
		{40B2778B-2CEB-4462-B3E8-D3302035B450}.Debug|Any CPU.ActiveCfg = Debug|Any CPU
		{40B2778B-2CEB-4462-B3E8-D3302035B450}.Debug|Any CPU.Build.0 = Debug|Any CPU
		{40B2778B-2CEB-4462-B3E8-D3302035B450}.Release|Any CPU.ActiveCfg = Release|Any CPU
		{40B2778B-2CEB-4462-B3E8-D3302035B450}.Release|Any CPU.Build.0 = Release|Any CPU
	EndGlobalSection
	GlobalSection(SolutionProperties) = preSolution
		HideSolutionNode = FALSE
	EndGlobalSection
	GlobalSection(ExtensibilityGlobals) = postSolution
		SolutionGuid = {526EF330-41A9-4F39-90D2-8B2A4645FB32}
	EndGlobalSection
EndGlobal
